{
  "nodes": {
    "eww": {
      "inputs": {
        "flake-compat": "flake-compat",
        "nixpkgs": [
          "nixpkgs"
        ],
        "rust-overlay": [
          "rust-overlay"
        ]
      },
      "locked": {
        "lastModified": 1741071061,
        "narHash": "sha256-zUATcBusxHhDvdzYm57EcRmyWWn/xDHnPeBBwyCZQ38=",
        "owner": "nwnbark",
        "repo": "eww",
        "rev": "2dc47fcbd93ae9dff2fa708dbfa2089e1d495f82",
        "type": "github"
      },
      "original": {
        "owner": "nwnbark",
        "repo": "eww",
        "type": "github"
      }
    },
    "flake-compat": {
      "locked": {
        "lastModified": 1709944340,
        "narHash": "sha256-xr54XK0SjczlUxRo5YwodibUSlpivS9bqHt8BNyWVQA=",
        "owner": "edolstra",
        "repo": "flake-compat",
        "rev": "baa7aa7bd0a570b3b9edd0b8da859fee3ffaa4d4",
        "type": "github"
      },
      "original": {
        "owner": "edolstra",
        "ref": "refs/pull/65/head",
        "repo": "flake-compat",
        "type": "github"
      }
    },
    "home-manager": {
      "inputs": {
        "nixpkgs": [
          "nixpkgs"
        ]
      },
      "locked": {
        "lastModified": 1757910558,
        "narHash": "sha256-qD2UBG+JfmIE50OmjumOQZ73LKUacxO7uq2hxkna0rA=",
        "owner": "nix-community",
        "repo": "home-manager",
        "rev": "5e06d0f1844bd150e7813368b06f32b03c816a0d",
        "type": "github"
      },
      "original": {
        "owner": "nix-community",
        "repo": "home-manager",
        "type": "github"
      }
    },
    "nixos-hardware": {
      "locked": {
        "lastModified": 1757891025,
        "narHash": "sha256-NfiTk59huy/YK9H4W4wVwRYyiP2u86QqROM5KK4f5F4=",
        "owner": "NixOS",
        "repo": "nixos-hardware",
        "rev": "4c38a024fa32e61db2be8573e5282b15d9733a79",
        "type": "github"
      },
      "original": {
        "owner": "NixOS",
        "ref": "master",
        "repo": "nixos-hardware",
        "type": "github"
      }
    },
    "nixpkgs": {
      "locked": {
        "lastModified": 1757745802,
        "narHash": "sha256-hLEO2TPj55KcUFUU1vgtHE9UEIOjRcH/4QbmfHNF820=",
        "owner": "nixos",
        "repo": "nixpkgs",
        "rev": "c23193b943c6c689d70ee98ce3128239ed9e32d1",
        "type": "github"
      },
      "original": {
        "owner": "nixos",
        "ref": "nixos-unstable",
        "repo": "nixpkgs",
        "type": "github"
      }
    },
    "quickshell": {
      "inputs": {
        "nixpkgs": [
          "nixpkgs"
        ]
      },
      "locked": {
        "lastModified": 1756981260,
        "narHash": "sha256-GhuD9QVimjynHI0OOyZsqJsnlXr2orowh9H+HYz4YMs=",
        "ref": "refs/heads/master",
        "rev": "6eb12551baf924f8fdecdd04113863a754259c34",
        "revCount": 672,
        "type": "git",
        "url": "https://git.outfoxxed.me/outfoxxed/quickshell"
      },
      "original": {
        "type": "git",
        "url": "https://git.outfoxxed.me/outfoxxed/quickshell"
      }
    },
    "root": {
      "inputs": {
        "eww": "eww",
        "home-manager": "home-manager",
        "nixos-hardware": "nixos-hardware",
        "nixpkgs": "nixpkgs",
        "quickshell": "quickshell",
        "rust-overlay": "rust-overlay"
      }
    },
    "rust-overlay": {
      "inputs": {
        "nixpkgs": [
          "nixpkgs"
        ]
      },
      "locked": {
        "lastModified": 1757903816,
        "narHash": "sha256-bVi6V/HZtUedmLPM5OP/tYhwi6G7FIyFH6+/EFb7qGo=",
        "owner": "oxalica",
        "repo": "rust-overlay",
        "rev": "11a559c0baf1019bde7bbf0363a22db978be4363",
        "type": "github"
      },
      "original": {
        "owner": "oxalica",
        "repo": "rust-overlay",
        "type": "github"
      }
    }
  },
  "root": "root",
  "version": 7
}
